
Microsoft Visual Studio Solution File, Format Version 12.00
# Visual Studio 2013
VisualStudioVersion = 12.0.31101.0
MinimumVisualStudioVersion = 10.0.40219.1
Project("{2150E333-8FDC-42A3-9474-1A3956D46DE8}") = "Solution Items", "Solution Items", "{C0E0CBBD-A4A6-4C5D-ACDA-E587D679E331}"
	ProjectSection(SolutionItems) = preProject
		GeneralAssemblyInfo.cs = GeneralAssemblyInfo.cs
	EndProjectSection
EndProject
Project("{2150E333-8FDC-42A3-9474-1A3956D46DE8}") = "Source", "Source", "{9D677E66-F858-4828-86EC-BCFD37C8A13B}"
EndProject
Project("{2150E333-8FDC-42A3-9474-1A3956D46DE8}") = "Sample", "Sample", "{7071052D-0DC5-455D-A3D8-18827FC835E6}"
EndProject
Project("{FAE04EC0-301F-11D3-BF4B-00C04F79EFBC}") = "Prism.StoreApps.Extensions.Common", "source\Prism.StoreApps.Extensions.Common\Prism.StoreApps.Extensions.Common.csproj", "{12E779D1-C257-4987-8A55-4CE1D6E526E6}"
EndProject
Project("{FAE04EC0-301F-11D3-BF4B-00C04F79EFBC}") = "Prism.StoreApps.Extensions.Modules", "source\Prism.StoreApps.Extensions.Modules\Prism.StoreApps.Extensions.Modules.csproj", "{178F2EF2-478E-4C97-A895-2529538ADA85}"
EndProject
Project("{FAE04EC0-301F-11D3-BF4B-00C04F79EFBC}") = "Prism.StoreApps.Extensions.ViewModel", "source\Prism.StoreApps.Extensions.ViewModel\Prism.StoreApps.Extensions.ViewModel.csproj", "{F980BC0F-B4F6-4038-B789-223BAD762C20}"
EndProject
Project("{FAE04EC0-301F-11D3-BF4B-00C04F79EFBC}") = "Prism.StoreApps.Extensions.UI", "source\Prism.StoreApps.Extensions.UI\Prism.StoreApps.Extensions.UI.csproj", "{C36936DE-32A5-4F85-A607-A3AB47CD0181}"
EndProject
Project("{FAE04EC0-301F-11D3-BF4B-00C04F79EFBC}") = "Sample.Model", "sample\Sample.Model\Sample.Model.csproj", "{4355A399-FE37-4672-AEBB-8C979AB427E3}"
EndProject
Project("{FAE04EC0-301F-11D3-BF4B-00C04F79EFBC}") = "Sample.Logic", "sample\Sample.Logic\Sample.Logic.csproj", "{E5A799D0-ADB4-46AF-8CC8-6FEA87039834}"
EndProject
Project("{FAE04EC0-301F-11D3-BF4B-00C04F79EFBC}") = "Sample.ViewModel", "sample\Sample.ViewModel\Sample.ViewModel.csproj", "{984C07AA-45F9-409C-8BEB-5DE5EA3D29B1}"
EndProject
Project("{FAE04EC0-301F-11D3-BF4B-00C04F79EFBC}") = "Sample.App", "sample\Sample.App\Sample.App.csproj", "{76A1552C-2FE7-409D-B973-99F43B6BC963}"
EndProject
Global
	GlobalSection(SolutionConfigurationPlatforms) = preSolution
		Debug|Any CPU = Debug|Any CPU
		Debug|ARM = Debug|ARM
		Debug|x64 = Debug|x64
		Debug|x86 = Debug|x86
		Release|Any CPU = Release|Any CPU
		Release|ARM = Release|ARM
		Release|x64 = Release|x64
		Release|x86 = Release|x86
	EndGlobalSection
	GlobalSection(ProjectConfigurationPlatforms) = postSolution
		{12E779D1-C257-4987-8A55-4CE1D6E526E6}.Debug|Any CPU.ActiveCfg = Debug|Any CPU
		{12E779D1-C257-4987-8A55-4CE1D6E526E6}.Debug|Any CPU.Build.0 = Debug|Any CPU
		{12E779D1-C257-4987-8A55-4CE1D6E526E6}.Debug|ARM.ActiveCfg = Debug|ARM
		{12E779D1-C257-4987-8A55-4CE1D6E526E6}.Debug|ARM.Build.0 = Debug|ARM
		{12E779D1-C257-4987-8A55-4CE1D6E526E6}.Debug|x64.ActiveCfg = Debug|x64
		{12E779D1-C257-4987-8A55-4CE1D6E526E6}.Debug|x64.Build.0 = Debug|x64
		{12E779D1-C257-4987-8A55-4CE1D6E526E6}.Debug|x86.ActiveCfg = Debug|x86
		{12E779D1-C257-4987-8A55-4CE1D6E526E6}.Debug|x86.Build.0 = Debug|x86
		{12E779D1-C257-4987-8A55-4CE1D6E526E6}.Release|Any CPU.ActiveCfg = Release|Any CPU
		{12E779D1-C257-4987-8A55-4CE1D6E526E6}.Release|Any CPU.Build.0 = Release|Any CPU
		{12E779D1-C257-4987-8A55-4CE1D6E526E6}.Release|ARM.ActiveCfg = Release|ARM
		{12E779D1-C257-4987-8A55-4CE1D6E526E6}.Release|ARM.Build.0 = Release|ARM
		{12E779D1-C257-4987-8A55-4CE1D6E526E6}.Release|x64.ActiveCfg = Release|x64
		{12E779D1-C257-4987-8A55-4CE1D6E526E6}.Release|x64.Build.0 = Release|x64
		{12E779D1-C257-4987-8A55-4CE1D6E526E6}.Release|x86.ActiveCfg = Release|x86
		{12E779D1-C257-4987-8A55-4CE1D6E526E6}.Release|x86.Build.0 = Release|x86
		{178F2EF2-478E-4C97-A895-2529538ADA85}.Debug|Any CPU.ActiveCfg = Debug|Any CPU
		{178F2EF2-478E-4C97-A895-2529538ADA85}.Debug|Any CPU.Build.0 = Debug|Any CPU
		{178F2EF2-478E-4C97-A895-2529538ADA85}.Debug|ARM.ActiveCfg = Debug|ARM
		{178F2EF2-478E-4C97-A895-2529538ADA85}.Debug|ARM.Build.0 = Debug|ARM
		{178F2EF2-478E-4C97-A895-2529538ADA85}.Debug|x64.ActiveCfg = Debug|x64
		{178F2EF2-478E-4C97-A895-2529538ADA85}.Debug|x64.Build.0 = Debug|x64
		{178F2EF2-478E-4C97-A895-2529538ADA85}.Debug|x86.ActiveCfg = Debug|x86
		{178F2EF2-478E-4C97-A895-2529538ADA85}.Debug|x86.Build.0 = Debug|x86
		{178F2EF2-478E-4C97-A895-2529538ADA85}.Release|Any CPU.ActiveCfg = Release|Any CPU
		{178F2EF2-478E-4C97-A895-2529538ADA85}.Release|Any CPU.Build.0 = Release|Any CPU
		{178F2EF2-478E-4C97-A895-2529538ADA85}.Release|ARM.ActiveCfg = Release|ARM
		{178F2EF2-478E-4C97-A895-2529538ADA85}.Release|ARM.Build.0 = Release|ARM
		{178F2EF2-478E-4C97-A895-2529538ADA85}.Release|x64.ActiveCfg = Release|x64
		{178F2EF2-478E-4C97-A895-2529538ADA85}.Release|x64.Build.0 = Release|x64
		{178F2EF2-478E-4C97-A895-2529538ADA85}.Release|x86.ActiveCfg = Release|x86
		{178F2EF2-478E-4C97-A895-2529538ADA85}.Release|x86.Build.0 = Release|x86
		{F980BC0F-B4F6-4038-B789-223BAD762C20}.Debug|Any CPU.ActiveCfg = Debug|Any CPU
		{F980BC0F-B4F6-4038-B789-223BAD762C20}.Debug|Any CPU.Build.0 = Debug|Any CPU
		{F980BC0F-B4F6-4038-B789-223BAD762C20}.Debug|ARM.ActiveCfg = Debug|ARM
		{F980BC0F-B4F6-4038-B789-223BAD762C20}.Debug|ARM.Build.0 = Debug|ARM
		{F980BC0F-B4F6-4038-B789-223BAD762C20}.Debug|x64.ActiveCfg = Debug|x64
		{F980BC0F-B4F6-4038-B789-223BAD762C20}.Debug|x64.Build.0 = Debug|x64
		{F980BC0F-B4F6-4038-B789-223BAD762C20}.Debug|x86.ActiveCfg = Debug|x86
		{F980BC0F-B4F6-4038-B789-223BAD762C20}.Debug|x86.Build.0 = Debug|x86
		{F980BC0F-B4F6-4038-B789-223BAD762C20}.Release|Any CPU.ActiveCfg = Release|Any CPU
		{F980BC0F-B4F6-4038-B789-223BAD762C20}.Release|Any CPU.Build.0 = Release|Any CPU
		{F980BC0F-B4F6-4038-B789-223BAD762C20}.Release|ARM.ActiveCfg = Release|ARM
		{F980BC0F-B4F6-4038-B789-223BAD762C20}.Release|ARM.Build.0 = Release|ARM
		{F980BC0F-B4F6-4038-B789-223BAD762C20}.Release|x64.ActiveCfg = Release|x64
		{F980BC0F-B4F6-4038-B789-223BAD762C20}.Release|x64.Build.0 = Release|x64
		{F980BC0F-B4F6-4038-B789-223BAD762C20}.Release|x86.ActiveCfg = Release|x86
		{F980BC0F-B4F6-4038-B789-223BAD762C20}.Release|x86.Build.0 = Release|x86
		{C36936DE-32A5-4F85-A607-A3AB47CD0181}.Debug|Any CPU.ActiveCfg = Debug|Any CPU
		{C36936DE-32A5-4F85-A607-A3AB47CD0181}.Debug|Any CPU.Build.0 = Debug|Any CPU
		{C36936DE-32A5-4F85-A607-A3AB47CD0181}.Debug|ARM.ActiveCfg = Debug|ARM
		{C36936DE-32A5-4F85-A607-A3AB47CD0181}.Debug|ARM.Build.0 = Debug|ARM
		{C36936DE-32A5-4F85-A607-A3AB47CD0181}.Debug|x64.ActiveCfg = Debug|x64
		{C36936DE-32A5-4F85-A607-A3AB47CD0181}.Debug|x64.Build.0 = Debug|x64
		{C36936DE-32A5-4F85-A607-A3AB47CD0181}.Debug|x86.ActiveCfg = Debug|x86
		{C36936DE-32A5-4F85-A607-A3AB47CD0181}.Debug|x86.Build.0 = Debug|x86
		{C36936DE-32A5-4F85-A607-A3AB47CD0181}.Release|Any CPU.ActiveCfg = Release|Any CPU
		{C36936DE-32A5-4F85-A607-A3AB47CD0181}.Release|Any CPU.Build.0 = Release|Any CPU
		{C36936DE-32A5-4F85-A607-A3AB47CD0181}.Release|ARM.ActiveCfg = Release|ARM
		{C36936DE-32A5-4F85-A607-A3AB47CD0181}.Release|ARM.Build.0 = Release|ARM
		{C36936DE-32A5-4F85-A607-A3AB47CD0181}.Release|x64.ActiveCfg = Release|x64
		{C36936DE-32A5-4F85-A607-A3AB47CD0181}.Release|x64.Build.0 = Release|x64
		{C36936DE-32A5-4F85-A607-A3AB47CD0181}.Release|x86.ActiveCfg = Release|x86
		{C36936DE-32A5-4F85-A607-A3AB47CD0181}.Release|x86.Build.0 = Release|x86
		{4355A399-FE37-4672-AEBB-8C979AB427E3}.Debug|Any CPU.ActiveCfg = Debug|Any CPU
		{4355A399-FE37-4672-AEBB-8C979AB427E3}.Debug|Any CPU.Build.0 = Debug|Any CPU
		{4355A399-FE37-4672-AEBB-8C979AB427E3}.Debug|ARM.ActiveCfg = Debug|ARM
		{4355A399-FE37-4672-AEBB-8C979AB427E3}.Debug|ARM.Build.0 = Debug|ARM
		{4355A399-FE37-4672-AEBB-8C979AB427E3}.Debug|x64.ActiveCfg = Debug|x64
		{4355A399-FE37-4672-AEBB-8C979AB427E3}.Debug|x64.Build.0 = Debug|x64
		{4355A399-FE37-4672-AEBB-8C979AB427E3}.Debug|x86.ActiveCfg = Debug|x86
		{4355A399-FE37-4672-AEBB-8C979AB427E3}.Debug|x86.Build.0 = Debug|x86
		{4355A399-FE37-4672-AEBB-8C979AB427E3}.Release|Any CPU.ActiveCfg = Release|Any CPU
		{4355A399-FE37-4672-AEBB-8C979AB427E3}.Release|Any CPU.Build.0 = Release|Any CPU
		{4355A399-FE37-4672-AEBB-8C979AB427E3}.Release|ARM.ActiveCfg = Release|ARM
		{4355A399-FE37-4672-AEBB-8C979AB427E3}.Release|ARM.Build.0 = Release|ARM
		{4355A399-FE37-4672-AEBB-8C979AB427E3}.Release|x64.ActiveCfg = Release|x64
		{4355A399-FE37-4672-AEBB-8C979AB427E3}.Release|x64.Build.0 = Release|x64
		{4355A399-FE37-4672-AEBB-8C979AB427E3}.Release|x86.ActiveCfg = Release|x86
		{4355A399-FE37-4672-AEBB-8C979AB427E3}.Release|x86.Build.0 = Release|x86
		{E5A799D0-ADB4-46AF-8CC8-6FEA87039834}.Debug|Any CPU.ActiveCfg = Debug|Any CPU
		{E5A799D0-ADB4-46AF-8CC8-6FEA87039834}.Debug|Any CPU.Build.0 = Debug|Any CPU
		{E5A799D0-ADB4-46AF-8CC8-6FEA87039834}.Debug|ARM.ActiveCfg = Debug|ARM
		{E5A799D0-ADB4-46AF-8CC8-6FEA87039834}.Debug|ARM.Build.0 = Debug|ARM
		{E5A799D0-ADB4-46AF-8CC8-6FEA87039834}.Debug|x64.ActiveCfg = Debug|x64
		{E5A799D0-ADB4-46AF-8CC8-6FEA87039834}.Debug|x64.Build.0 = Debug|x64
		{E5A799D0-ADB4-46AF-8CC8-6FEA87039834}.Debug|x86.ActiveCfg = Debug|x86
		{E5A799D0-ADB4-46AF-8CC8-6FEA87039834}.Debug|x86.Build.0 = Debug|x86
		{E5A799D0-ADB4-46AF-8CC8-6FEA87039834}.Release|Any CPU.ActiveCfg = Release|Any CPU
		{E5A799D0-ADB4-46AF-8CC8-6FEA87039834}.Release|Any CPU.Build.0 = Release|Any CPU
		{E5A799D0-ADB4-46AF-8CC8-6FEA87039834}.Release|ARM.ActiveCfg = Release|ARM
		{E5A799D0-ADB4-46AF-8CC8-6FEA87039834}.Release|ARM.Build.0 = Release|ARM
		{E5A799D0-ADB4-46AF-8CC8-6FEA87039834}.Release|x64.ActiveCfg = Release|x64
		{E5A799D0-ADB4-46AF-8CC8-6FEA87039834}.Release|x64.Build.0 = Release|x64
		{E5A799D0-ADB4-46AF-8CC8-6FEA87039834}.Release|x86.ActiveCfg = Release|x86
		{E5A799D0-ADB4-46AF-8CC8-6FEA87039834}.Release|x86.Build.0 = Release|x86
		{984C07AA-45F9-409C-8BEB-5DE5EA3D29B1}.Debug|Any CPU.ActiveCfg = Debug|Any CPU
		{984C07AA-45F9-409C-8BEB-5DE5EA3D29B1}.Debug|Any CPU.Build.0 = Debug|Any CPU
		{984C07AA-45F9-409C-8BEB-5DE5EA3D29B1}.Debug|ARM.ActiveCfg = Debug|ARM
		{984C07AA-45F9-409C-8BEB-5DE5EA3D29B1}.Debug|ARM.Build.0 = Debug|ARM
		{984C07AA-45F9-409C-8BEB-5DE5EA3D29B1}.Debug|x64.ActiveCfg = Debug|x64
		{984C07AA-45F9-409C-8BEB-5DE5EA3D29B1}.Debug|x64.Build.0 = Debug|x64
		{984C07AA-45F9-409C-8BEB-5DE5EA3D29B1}.Debug|x86.ActiveCfg = Debug|x86
		{984C07AA-45F9-409C-8BEB-5DE5EA3D29B1}.Debug|x86.Build.0 = Debug|x86
		{984C07AA-45F9-409C-8BEB-5DE5EA3D29B1}.Release|Any CPU.ActiveCfg = Release|Any CPU
		{984C07AA-45F9-409C-8BEB-5DE5EA3D29B1}.Release|Any CPU.Build.0 = Release|Any CPU
		{984C07AA-45F9-409C-8BEB-5DE5EA3D29B1}.Release|ARM.ActiveCfg = Release|ARM
		{984C07AA-45F9-409C-8BEB-5DE5EA3D29B1}.Release|ARM.Build.0 = Release|ARM
		{984C07AA-45F9-409C-8BEB-5DE5EA3D29B1}.Release|x64.ActiveCfg = Release|x64
		{984C07AA-45F9-409C-8BEB-5DE5EA3D29B1}.Release|x64.Build.0 = Release|x64
		{984C07AA-45F9-409C-8BEB-5DE5EA3D29B1}.Release|x86.ActiveCfg = Release|x86
		{984C07AA-45F9-409C-8BEB-5DE5EA3D29B1}.Release|x86.Build.0 = Release|x86
		{76A1552C-2FE7-409D-B973-99F43B6BC963}.Debug|Any CPU.ActiveCfg = Debug|Any CPU
		{76A1552C-2FE7-409D-B973-99F43B6BC963}.Debug|Any CPU.Build.0 = Debug|Any CPU
		{76A1552C-2FE7-409D-B973-99F43B6BC963}.Debug|Any CPU.Deploy.0 = Debug|Any CPU
		{76A1552C-2FE7-409D-B973-99F43B6BC963}.Debug|ARM.ActiveCfg = Debug|ARM
		{76A1552C-2FE7-409D-B973-99F43B6BC963}.Debug|ARM.Build.0 = Debug|ARM
		{76A1552C-2FE7-409D-B973-99F43B6BC963}.Debug|ARM.Deploy.0 = Debug|ARM
		{76A1552C-2FE7-409D-B973-99F43B6BC963}.Debug|x64.ActiveCfg = Debug|x64
		{76A1552C-2FE7-409D-B973-99F43B6BC963}.Debug|x64.Build.0 = Debug|x64
		{76A1552C-2FE7-409D-B973-99F43B6BC963}.Debug|x64.Deploy.0 = Debug|x64
		{76A1552C-2FE7-409D-B973-99F43B6BC963}.Debug|x86.ActiveCfg = Debug|x86
		{76A1552C-2FE7-409D-B973-99F43B6BC963}.Debug|x86.Build.0 = Debug|x86
		{76A1552C-2FE7-409D-B973-99F43B6BC963}.Debug|x86.Deploy.0 = Debug|x86
		{76A1552C-2FE7-409D-B973-99F43B6BC963}.Release|Any CPU.ActiveCfg = Release|Any CPU
		{76A1552C-2FE7-409D-B973-99F43B6BC963}.Release|Any CPU.Build.0 = Release|Any CPU
		{76A1552C-2FE7-409D-B973-99F43B6BC963}.Release|Any CPU.Deploy.0 = Release|Any CPU
		{76A1552C-2FE7-409D-B973-99F43B6BC963}.Release|ARM.ActiveCfg = Release|ARM
		{76A1552C-2FE7-409D-B973-99F43B6BC963}.Release|ARM.Build.0 = Release|ARM
		{76A1552C-2FE7-409D-B973-99F43B6BC963}.Release|ARM.Deploy.0 = Release|ARM
		{76A1552C-2FE7-409D-B973-99F43B6BC963}.Release|x64.ActiveCfg = Release|x64
		{76A1552C-2FE7-409D-B973-99F43B6BC963}.Release|x64.Build.0 = Release|x64
		{76A1552C-2FE7-409D-B973-99F43B6BC963}.Release|x64.Deploy.0 = Release|x64
		{76A1552C-2FE7-409D-B973-99F43B6BC963}.Release|x86.ActiveCfg = Release|x86
		{76A1552C-2FE7-409D-B973-99F43B6BC963}.Release|x86.Build.0 = Release|x86
		{76A1552C-2FE7-409D-B973-99F43B6BC963}.Release|x86.Deploy.0 = Release|x86
	EndGlobalSection
	GlobalSection(SolutionProperties) = preSolution
		HideSolutionNode = FALSE
	EndGlobalSection
	GlobalSection(NestedProjects) = preSolution
		{12E779D1-C257-4987-8A55-4CE1D6E526E6} = {9D677E66-F858-4828-86EC-BCFD37C8A13B}
		{178F2EF2-478E-4C97-A895-2529538ADA85} = {9D677E66-F858-4828-86EC-BCFD37C8A13B}
		{F980BC0F-B4F6-4038-B789-223BAD762C20} = {9D677E66-F858-4828-86EC-BCFD37C8A13B}
		{C36936DE-32A5-4F85-A607-A3AB47CD0181} = {9D677E66-F858-4828-86EC-BCFD37C8A13B}
		{4355A399-FE37-4672-AEBB-8C979AB427E3} = {7071052D-0DC5-455D-A3D8-18827FC835E6}
		{E5A799D0-ADB4-46AF-8CC8-6FEA87039834} = {7071052D-0DC5-455D-A3D8-18827FC835E6}
		{984C07AA-45F9-409C-8BEB-5DE5EA3D29B1} = {7071052D-0DC5-455D-A3D8-18827FC835E6}
		{76A1552C-2FE7-409D-B973-99F43B6BC963} = {7071052D-0DC5-455D-A3D8-18827FC835E6}
	EndGlobalSection
EndGlobal
